Microsoft Visual Studio Solution File, Format Version 11.00
# Visual Studio 2008

Project("{DFD469CC-F345-B183-925B-0B272A3BA6ED}") = "IBK", "Assembly-CSharp.csproj", "{7B583B83-5F40-EA55-1A6F-F6D01188A286}"
EndProject
Global
	GlobalSection(SolutionConfigurationPlatforms) = preSolution
		Debug|Any CPU = Debug|Any CPU
		Release|Any CPU = Release|Any CPU
	EndGlobalSection
	GlobalSection(ProjectConfigurationPlatforms) = postSolution
		{7B583B83-5F40-EA55-1A6F-F6D01188A286}.Debug|Any CPU.ActiveCfg = Debug|Any CPU
		{7B583B83-5F40-EA55-1A6F-F6D01188A286}.Debug|Any CPU.Build.0 = Debug|Any CPU
		{7B583B83-5F40-EA55-1A6F-F6D01188A286}.Release|Any CPU.ActiveCfg = Release|Any CPU
		{7B583B83-5F40-EA55-1A6F-F6D01188A286}.Release|Any CPU.Build.0 = Release|Any CPU
	EndGlobalSection
	GlobalSection(SolutionProperties) = preSolution
		HideSolutionNode = FALSE
	EndGlobalSection
	GlobalSection(MonoDevelopProperties) = preSolution
		StartupItem = Assembly-CSharp.csproj
	EndGlobalSection
EndGlobal
